<?xml version="1.0" encoding="UTF-8" standalone="yes" ?>
<CodeBlocks_project_file>
	<FileVersion major="1" minor="6" />
	<Project>
		<Option title="SistemaClinica" />
		<Option pch_mode="2" />
		<Option compiler="gcc" />
		<Build>
			<Target title="Debug">
				<Option output="bin/Debug/SistemaClinica" prefix_auto="1" extension_auto="1" />
				<Option object_output="obj/Debug/" />
				<Option type="1" />
				<Option compiler="gcc" />
				<Compiler>
					<Add option="-g" />
				</Compiler>
			</Target>
			<Target title="Release">
				<Option output="bin/Release/SistemaClinica" prefix_auto="1" extension_auto="1" />
				<Option object_output="obj/Release/" />
				<Option type="1" />
				<Option compiler="gcc" />
				<Compiler>
					<Add option="-O2" />
				</Compiler>
				<Linker>
					<Add option="-s" />
				</Linker>
			</Target>
		</Build>
		<Compiler>
			<Add option="-Wall" />
			<Add option="-fexceptions" />
		</Compiler>
		<Unit filename="_persona.cpp" />
		<Unit filename="altaTu_Me.h" />
		<Unit filename="archivoClassEspecialista.h" />
		<Unit filename="archivoClassPacientess.h" />
		<Unit filename="archivoControladores.h" />
		<Unit filename="archivoControladoresEspecialista.h" />
		<Unit filename="consulta.h" />
		<Unit filename="especialista.cpp" />
		<Unit filename="especialista.h" />
		<Unit filename="fecha.cpp" />
		<Unit filename="fecha.h" />
		<Unit filename="hora.cpp" />
		<Unit filename="hora.h" />
		<Unit filename="listadosControlaTurno2.h" />
		<Unit filename="listadosControladores.h" />
		<Unit filename="main.cpp" />
		<Unit filename="paciente.cpp" />
		<Unit filename="paciente.h" />
		<Unit filename="persona.h" />
		<Unit filename="reporteControladores.h" />
		<Unit filename="rlutil.h" />
		<Unit filename="subListas.h" />
		<Unit filename="subMenuBaja.h" />
		<Unit filename="subMenuModificar.h" />
		<Unit filename="subMenuReporte.h" />
		<Unit filename="turno.cpp" />
		<Unit filename="turno.h" />
		<Unit filename="vistas.h" />
		<Extensions>
			<lib_finder disable_auto="1" />
		</Extensions>
	</Project>
</CodeBlocks_project_file>
